
Microsoft Visual Studio Solution File, Format Version 12.00
# Visual Studio Version 16
VisualStudioVersion = 16.0.28902.138
MinimumVisualStudioVersion = 10.0.40219.1
Project("{FAE04EC0-301F-11D3-BF4B-00C04F79EFBC}") = "QBCS.Web", "QBCS.Web\QBCS.Web.csproj", "{B8DC810E-4A55-40B2-82DC-ACC8912916E1}"
EndProject
Global
	GlobalSection(SolutionConfigurationPlatforms) = preSolution
		Debug|Any CPU = Debug|Any CPU
		Release|Any CPU = Release|Any CPU
	EndGlobalSection
	GlobalSection(ProjectConfigurationPlatforms) = postSolution
		{B8DC810E-4A55-40B2-82DC-ACC8912916E1}.Debug|Any CPU.ActiveCfg = Debug|Any CPU
		{B8DC810E-4A55-40B2-82DC-ACC8912916E1}.Debug|Any CPU.Build.0 = Debug|Any CPU
		{B8DC810E-4A55-40B2-82DC-ACC8912916E1}.Release|Any CPU.ActiveCfg = Release|Any CPU
		{B8DC810E-4A55-40B2-82DC-ACC8912916E1}.Release|Any CPU.Build.0 = Release|Any CPU
	EndGlobalSection
	GlobalSection(SolutionProperties) = preSolution
		HideSolutionNode = FALSE
	EndGlobalSection
	GlobalSection(ExtensibilityGlobals) = postSolution
		SolutionGuid = {36AFFC1F-4B95-4A53-AD26-56E594FCA5C7}
	EndGlobalSection
EndGlobal
